// !$*UTF8*$!
{
	archiveVersion = 1;
	classes = {
	};
	objectVersion = 55;
	objects = {

/* Begin PBXBuildFile section */
		8502573A278FE01800FCF96F /* AppDelegate.swift in Sources */ = {isa = PBXBuildFile; fileRef = 85025739278FE01800FCF96F /* AppDelegate.swift */; };
		8502573C278FE01800FCF96F /* SceneDelegate.swift in Sources */ = {isa = PBXBuildFile; fileRef = 8502573B278FE01800FCF96F /* SceneDelegate.swift */; };
		8502573E278FE01800FCF96F /* CharactersTableViewController.swift in Sources */ = {isa = PBXBuildFile; fileRef = 8502573D278FE01800FCF96F /* CharactersTableViewController.swift */; };
		85025741278FE01800FCF96F /* Main.storyboard in Resources */ = {isa = PBXBuildFile; fileRef = 8502573F278FE01800FCF96F /* Main.storyboard */; };
		85025743278FE01B00FCF96F /* Assets.xcassets in Resources */ = {isa = PBXBuildFile; fileRef = 85025742278FE01B00FCF96F /* Assets.xcassets */; };
		85025746278FE01B00FCF96F /* LaunchScreen.storyboard in Resources */ = {isa = PBXBuildFile; fileRef = 85025744278FE01B00FCF96F /* LaunchScreen.storyboard */; };
		85025753278FE2F000FCF96F /* RickAndMorty.swift in Sources */ = {isa = PBXBuildFile; fileRef = 85025752278FE2F000FCF96F /* RickAndMorty.swift */; };
		85025756278FEA7000FCF96F /* NetworkManager.swift in Sources */ = {isa = PBXBuildFile; fileRef = 85025755278FEA6F00FCF96F /* NetworkManager.swift */; };
		85C1C9272791DE5800BFB839 /* TableViewCell.swift in Sources */ = {isa = PBXBuildFile; fileRef = 85C1C9262791DE5800BFB839 /* TableViewCell.swift */; };
		85C1C92A2792DBD000BFB839 /* CharacterDetailsViewController.swift in Sources */ = {isa = PBXBuildFile; fileRef = 85C1C9292792DBD000BFB839 /* CharacterDetailsViewController.swift */; };
		85C1C92C2792EF7600BFB839 /* EpisodesTableViewController.swift in Sources */ = {isa = PBXBuildFile; fileRef = 85C1C92B2792EF7600BFB839 /* EpisodesTableViewController.swift */; };
/* End PBXBuildFile section */

/* Begin PBXFileReference section */
		85025736278FE01800FCF96F /* Rick&Morty.app */ = {isa = PBXFileReference; explicitFileType = wrapper.application; includeInIndex = 0; path = "Rick&Morty.app"; sourceTree = BUILT_PRODUCTS_DIR; };
		85025739278FE01800FCF96F /* AppDelegate.swift */ = {isa = PBXFileReference; lastKnownFileType = sourcecode.swift; path = AppDelegate.swift; sourceTree = "<group>"; };
		8502573B278FE01800FCF96F /* SceneDelegate.swift */ = {isa = PBXFileReference; lastKnownFileType = sourcecode.swift; path = SceneDelegate.swift; sourceTree = "<group>"; };
		8502573D278FE01800FCF96F /* CharactersTableViewController.swift */ = {isa = PBXFileReference; lastKnownFileType = sourcecode.swift; path = CharactersTableViewController.swift; sourceTree = "<group>"; };
		85025740278FE01800FCF96F /* Base */ = {isa = PBXFileReference; lastKnownFileType = file.storyboard; name = Base; path = Base.lproj/Main.storyboard; sourceTree = "<group>"; };
		85025742278FE01B00FCF96F /* Assets.xcassets */ = {isa = PBXFileReference; lastKnownFileType = folder.assetcatalog; path = Assets.xcassets; sourceTree = "<group>"; };
		85025745278FE01B00FCF96F /* Base */ = {isa = PBXFileReference; lastKnownFileType = file.storyboard; name = Base; path = Base.lproj/LaunchScreen.storyboard; sourceTree = "<group>"; };
		85025747278FE01B00FCF96F /* Info.plist */ = {isa = PBXFileReference; lastKnownFileType = text.plist.xml; path = Info.plist; sourceTree = "<group>"; };
		85025752278FE2F000FCF96F /* RickAndMorty.swift */ = {isa = PBXFileReference; lastKnownFileType = sourcecode.swift; path = RickAndMorty.swift; sourceTree = "<group>"; };
		85025755278FEA6F00FCF96F /* NetworkManager.swift */ = {isa = PBXFileReference; lastKnownFileType = sourcecode.swift; path = NetworkManager.swift; sourceTree = "<group>"; };
		85C1C9262791DE5800BFB839 /* TableViewCell.swift */ = {isa = PBXFileReference; lastKnownFileType = sourcecode.swift; path = TableViewCell.swift; sourceTree = "<group>"; };
		85C1C9292792DBD000BFB839 /* CharacterDetailsViewController.swift */ = {isa = PBXFileReference; lastKnownFileType = sourcecode.swift; path = CharacterDetailsViewController.swift; sourceTree = "<group>"; };
		85C1C92B2792EF7600BFB839 /* EpisodesTableViewController.swift */ = {isa = PBXFileReference; lastKnownFileType = sourcecode.swift; path = EpisodesTableViewController.swift; sourceTree = "<group>"; };
/* End PBXFileReference section */

/* Begin PBXFrameworksBuildPhase section */
		85025733278FE01800FCF96F /* Frameworks */ = {
			isa = PBXFrameworksBuildPhase;
			buildActionMask = 2147483647;
			files = (
			);
			runOnlyForDeploymentPostprocessing = 0;
		};
/* End PBXFrameworksBuildPhase section */

/* Begin PBXGroup section */
		8502572D278FE01800FCF96F = {
			isa = PBXGroup;
			children = (
				85025738278FE01800FCF96F /* Rick&Morty */,
				85025737278FE01800FCF96F /* Products */,
			);
			sourceTree = "<group>";
		};
		85025737278FE01800FCF96F /* Products */ = {
			isa = PBXGroup;
			children = (
				85025736278FE01800FCF96F /* Rick&Morty.app */,
			);
			name = Products;
			sourceTree = "<group>";
		};
		85025738278FE01800FCF96F /* Rick&Morty */ = {
			isa = PBXGroup;
			children = (
				85025754278FEA5E00FCF96F /* Services */,
				85025751278FE2CF00FCF96F /* Models */,
				85025750278FE1EA00FCF96F /* View Controllers */,
				85C1C9282791DE6D00BFB839 /* Views */,
				8502574E278FE1C600FCF96F /* Storyboards */,
				8502574D278FE1A700FCF96F /* SupportingFiles */,
				8502574F278FE1DF00FCF96F /* Resources */,
			);
			path = "Rick&Morty";
			sourceTree = "<group>";
		};
		8502574D278FE1A700FCF96F /* SupportingFiles */ = {
			isa = PBXGroup;
			children = (
				85025739278FE01800FCF96F /* AppDelegate.swift */,
				8502573B278FE01800FCF96F /* SceneDelegate.swift */,
				85025747278FE01B00FCF96F /* Info.plist */,
			);
			path = SupportingFiles;
			sourceTree = "<group>";
		};
		8502574E278FE1C600FCF96F /* Storyboards */ = {
			isa = PBXGroup;
			children = (
				8502573F278FE01800FCF96F /* Main.storyboard */,
				85025744278FE01B00FCF96F /* LaunchScreen.storyboard */,
			);
			path = Storyboards;
			sourceTree = "<group>";
		};
		8502574F278FE1DF00FCF96F /* Resources */ = {
			isa = PBXGroup;
			children = (
				85025742278FE01B00FCF96F /* Assets.xcassets */,
			);
			path = Resources;
			sourceTree = "<group>";
		};
		85025750278FE1EA00FCF96F /* View Controllers */ = {
			isa = PBXGroup;
			children = (
				8502573D278FE01800FCF96F /* CharactersTableViewController.swift */,
				85C1C9292792DBD000BFB839 /* CharacterDetailsViewController.swift */,
				85C1C92B2792EF7600BFB839 /* EpisodesTableViewController.swift */,
			);
			path = "View Controllers";
			sourceTree = "<group>";
		};
		85025751278FE2CF00FCF96F /* Models */ = {
			isa = PBXGroup;
			children = (
				85025752278FE2F000FCF96F /* RickAndMorty.swift */,
			);
			path = Models;
			sourceTree = "<group>";
		};
		85025754278FEA5E00FCF96F /* Services */ = {
			isa = PBXGroup;
			children = (
				85025755278FEA6F00FCF96F /* NetworkManager.swift */,
			);
			path = Services;
			sourceTree = "<group>";
		};
		85C1C9282791DE6D00BFB839 /* Views */ = {
			isa = PBXGroup;
			children = (
				85C1C9262791DE5800BFB839 /* TableViewCell.swift */,
			);
			path = Views;
			sourceTree = "<group>";
		};
/* End PBXGroup section */

/* Begin PBXNativeTarget section */
		85025735278FE01800FCF96F /* Rick&Morty */ = {
			isa = PBXNativeTarget;
			buildConfigurationList = 8502574A278FE01B00FCF96F /* Build configuration list for PBXNativeTarget "Rick&Morty" */;
			buildPhases = (
				85025732278FE01800FCF96F /* Sources */,
				85025733278FE01800FCF96F /* Frameworks */,
				85025734278FE01800FCF96F /* Resources */,
			);
			buildRules = (
			);
			dependencies = (
			);
			name = "Rick&Morty";
			productName = "Rick&Morty";
			productReference = 85025736278FE01800FCF96F /* Rick&Morty.app */;
			productType = "com.apple.product-type.application";
		};
/* End PBXNativeTarget section */

/* Begin PBXProject section */
		8502572E278FE01800FCF96F /* Project object */ = {
			isa = PBXProject;
			attributes = {
				BuildIndependentTargetsInParallel = 1;
				LastSwiftUpdateCheck = 1320;
				LastUpgradeCheck = 1320;
				TargetAttributes = {
					85025735278FE01800FCF96F = {
						CreatedOnToolsVersion = 13.2.1;
					};
				};
			};
			buildConfigurationList = 85025731278FE01800FCF96F /* Build configuration list for PBXProject "Rick&Morty" */;
			compatibilityVersion = "Xcode 13.0";
			developmentRegion = en;
			hasScannedForEncodings = 0;
			knownRegions = (
				en,
				Base,
			);
			mainGroup = 8502572D278FE01800FCF96F;
			productRefGroup = 85025737278FE01800FCF96F /* Products */;
			projectDirPath = "";
			projectRoot = "";
			targets = (
				85025735278FE01800FCF96F /* Rick&Morty */,
			);
		};
/* End PBXProject section */

/* Begin PBXResourcesBuildPhase section */
		85025734278FE01800FCF96F /* Resources */ = {
			isa = PBXResourcesBuildPhase;
			buildActionMask = 2147483647;
			files = (
				85025746278FE01B00FCF96F /* LaunchScreen.storyboard in Resources */,
				85025743278FE01B00FCF96F /* Assets.xcassets in Resources */,
				85025741278FE01800FCF96F /* Main.storyboard in Resources */,
			);
			runOnlyForDeploymentPostprocessing = 0;
		};
/* End PBXResourcesBuildPhase section */

/* Begin PBXSourcesBuildPhase section */
		85025732278FE01800FCF96F /* Sources */ = {
			isa = PBXSourcesBuildPhase;
			buildActionMask = 2147483647;
			files = (
				85C1C92A2792DBD000BFB839 /* CharacterDetailsViewController.swift in Sources */,
				85025753278FE2F000FCF96F /* RickAndMorty.swift in Sources */,
				8502573E278FE01800FCF96F /* CharactersTableViewController.swift in Sources */,
				85025756278FEA7000FCF96F /* NetworkManager.swift in Sources */,
				85C1C9272791DE5800BFB839 /* TableViewCell.swift in Sources */,
				85C1C92C2792EF7600BFB839 /* EpisodesTableViewController.swift in Sources */,
				8502573A278FE01800FCF96F /* AppDelegate.swift in Sources */,
				8502573C278FE01800FCF96F /* SceneDelegate.swift in Sources */,
			);
			runOnlyForDeploymentPostprocessing = 0;
		};
/* End PBXSourcesBuildPhase section */

/* Begin PBXVariantGroup section */
		8502573F278FE01800FCF96F /* Main.storyboard */ = {
			isa = PBXVariantGroup;
			children = (
				85025740278FE01800FCF96F /* Base */,
			);
			name = Main.storyboard;
			sourceTree = "<group>";
		};
		85025744278FE01B00FCF96F /* LaunchScreen.storyboard */ = {
			isa = PBXVariantGroup;
			children = (
				85025745278FE01B00FCF96F /* Base */,
			);
			name = LaunchScreen.storyboard;
			sourceTree = "<group>";
		};
/* End PBXVariantGroup section */

/* Begin XCBuildConfiguration section */
		85025748278FE01B00FCF96F /* Debug */ = {
			isa = XCBuildConfiguration;
			buildSettings = {
				ALWAYS_SEARCH_USER_PATHS = NO;
				CLANG_ANALYZER_NONNULL = YES;
				CLANG_ANALYZER_NUMBER_OBJECT_CONVERSION = YES_AGGRESSIVE;
				CLANG_CXX_LANGUAGE_STANDARD = "gnu++17";
				CLANG_CXX_LIBRARY = "libc++";
				CLANG_ENABLE_MODULES = YES;
				CLANG_ENABLE_OBJC_ARC = YES;
				CLANG_ENABLE_OBJC_WEAK = YES;
				CLANG_WARN_BLOCK_CAPTURE_AUTORELEASING = YES;
				CLANG_WARN_BOOL_CONVERSION = YES;
				CLANG_WARN_COMMA = YES;
				CLANG_WARN_CONSTANT_CONVERSION = YES;
				CLANG_WARN_DEPRECATED_OBJC_IMPLEMENTATIONS = YES;
				CLANG_WARN_DIRECT_OBJC_ISA_USAGE = YES_ERROR;
				CLANG_WARN_DOCUMENTATION_COMMENTS = YES;
				CLANG_WARN_EMPTY_BODY = YES;
				CLANG_WARN_ENUM_CONVERSION = YES;
				CLANG_WARN_INFINITE_RECURSION = YES;
				CLANG_WARN_INT_CONVERSION = YES;
				CLANG_WARN_NON_LITERAL_NULL_CONVERSION = YES;
				CLANG_WARN_OBJC_IMPLICIT_RETAIN_SELF = YES;
				CLANG_WARN_OBJC_LITERAL_CONVERSION = YES;
				CLANG_WARN_OBJC_ROOT_CLASS = YES_ERROR;
				CLANG_WARN_QUOTED_INCLUDE_IN_FRAMEWORK_HEADER = YES;
				CLANG_WARN_RANGE_LOOP_ANALYSIS = YES;
				CLANG_WARN_STRICT_PROTOTYPES = YES;
				CLANG_WARN_SUSPICIOUS_MOVE = YES;
				CLANG_WARN_UNGUARDED_AVAILABILITY = YES_AGGRESSIVE;
				CLANG_WARN_UNREACHABLE_CODE = YES;
				CLANG_WARN__DUPLICATE_METHOD_MATCH = YES;
				COPY_PHASE_STRIP = NO;
				DEBUG_INFORMATION_FORMAT = dwarf;
				ENABLE_STRICT_OBJC_MSGSEND = YES;
				ENABLE_TESTABILITY = YES;
				GCC_C_LANGUAGE_STANDARD = gnu11;
				GCC_DYNAMIC_NO_PIC = NO;
				GCC_NO_COMMON_BLOCKS = YES;
				GCC_OPTIMIZATION_LEVEL = 0;
				GCC_PREPROCESSOR_DEFINITIONS = (
					"DEBUG=1",
					"$(inherited)",
				);
				GCC_WARN_64_TO_32_BIT_CONVERSION = YES;
				GCC_WARN_ABOUT_RETURN_TYPE = YES_ERROR;
				GCC_WARN_UNDECLARED_SELECTOR = YES;
				GCC_WARN_UNINITIALIZED_AUTOS = YES_AGGRESSIVE;
				GCC_WARN_UNUSED_FUNCTION = YES;
				GCC_WARN_UNUSED_VARIABLE = YES;
				IPHONEOS_DEPLOYMENT_TARGET = 15.2;
				MTL_ENABLE_DEBUG_INFO = INCLUDE_SOURCE;
				MTL_FAST_MATH = YES;
				ONLY_ACTIVE_ARCH = YES;
				SDKROOT = iphoneos;
				SWIFT_ACTIVE_COMPILATION_CONDITIONS = DEBUG;
				SWIFT_OPTIMIZATION_LEVEL = "-Onone";
			};
			name = Debug;
		};
		85025749278FE01B00FCF96F /* Release */ = {
			isa = XCBuildConfiguration;
			buildSettings = {
				ALWAYS_SEARCH_USER_PATHS = NO;
				CLANG_ANALYZER_NONNULL = YES;
				CLANG_ANALYZER_NUMBER_OBJECT_CONVERSION = YES_AGGRESSIVE;
				CLANG_CXX_LANGUAGE_STANDARD = "gnu++17";
				CLANG_CXX_LIBRARY = "libc++";
				CLANG_ENABLE_MODULES = YES;
				CLANG_ENABLE_OBJC_ARC = YES;
				CLANG_ENABLE_OBJC_WEAK = YES;
				CLANG_WARN_BLOCK_CAPTURE_AUTORELEASING = YES;
				CLANG_WARN_BOOL_CONVERSION = YES;
				CLANG_WARN_COMMA = YES;
				CLANG_WARN_CONSTANT_CONVERSION = YES;
				CLANG_WARN_DEPRECATED_OBJC_IMPLEMENTATIONS = YES;
				CLANG_WARN_DIRECT_OBJC_ISA_USAGE = YES_ERROR;
				CLANG_WARN_DOCUMENTATION_COMMENTS = YES;
				CLANG_WARN_EMPTY_BODY = YES;
				CLANG_WARN_ENUM_CONVERSION = YES;
				CLANG_WARN_INFINITE_RECURSION = YES;
				CLANG_WARN_INT_CONVERSION = YES;
				CLANG_WARN_NON_LITERAL_NULL_CONVERSION = YES;
				CLANG_WARN_OBJC_IMPLICIT_RETAIN_SELF = YES;
				CLANG_WARN_OBJC_LITERAL_CONVERSION = YES;
				CLANG_WARN_OBJC_ROOT_CLASS = YES_ERROR;
				CLANG_WARN_QUOTED_INCLUDE_IN_FRAMEWORK_HEADER = YES;
				CLANG_WARN_RANGE_LOOP_ANALYSIS = YES;
				CLANG_WARN_STRICT_PROTOTYPES = YES;
				CLANG_WARN_SUSPICIOUS_MOVE = YES;
				CLANG_WARN_UNGUARDED_AVAILABILITY = YES_AGGRESSIVE;
				CLANG_WARN_UNREACHABLE_CODE = YES;
				CLANG_WARN__DUPLICATE_METHOD_MATCH = YES;
				COPY_PHASE_STRIP = NO;
				DEBUG_INFORMATION_FORMAT = "dwarf-with-dsym";
				ENABLE_NS_ASSERTIONS = NO;
				ENABLE_STRICT_OBJC_MSGSEND = YES;
				GCC_C_LANGUAGE_STANDARD = gnu11;
				GCC_NO_COMMON_BLOCKS = YES;
				GCC_WARN_64_TO_32_BIT_CONVERSION = YES;
				GCC_WARN_ABOUT_RETURN_TYPE = YES_ERROR;
				GCC_WARN_UNDECLARED_SELECTOR = YES;
				GCC_WARN_UNINITIALIZED_AUTOS = YES_AGGRESSIVE;
				GCC_WARN_UNUSED_FUNCTION = YES;
				GCC_WARN_UNUSED_VARIABLE = YES;
				IPHONEOS_DEPLOYMENT_TARGET = 15.2;
				MTL_ENABLE_DEBUG_INFO = NO;
				MTL_FAST_MATH = YES;
				SDKROOT = iphoneos;
				SWIFT_COMPILATION_MODE = wholemodule;
				SWIFT_OPTIMIZATION_LEVEL = "-O";
				VALIDATE_PRODUCT = YES;
			};
			name = Release;
		};
		8502574B278FE01B00FCF96F /* Debug */ = {
			isa = XCBuildConfiguration;
			buildSettings = {
				ASSETCATALOG_COMPILER_APPICON_NAME = AppIcon;
				ASSETCATALOG_COMPILER_GLOBAL_ACCENT_COLOR_NAME = AccentColor;
				CODE_SIGN_STYLE = Automatic;
				CURRENT_PROJECT_VERSION = 1;
				DEVELOPMENT_TEAM = T94XUBZ99A;
				GENERATE_INFOPLIST_FILE = YES;
				INFOPLIST_FILE = "Rick&Morty/SupportingFiles/Info.plist";
				INFOPLIST_KEY_UIApplicationSupportsIndirectInputEvents = YES;
				INFOPLIST_KEY_UILaunchStoryboardName = LaunchScreen;
				INFOPLIST_KEY_UIMainStoryboardFile = Main;
				INFOPLIST_KEY_UISupportedInterfaceOrientations_iPad = "UIInterfaceOrientationPortrait UIInterfaceOrientationPortraitUpsideDown UIInterfaceOrientationLandscapeLeft UIInterfaceOrientationLandscapeRight";
				INFOPLIST_KEY_UISupportedInterfaceOrientations_iPhone = "UIInterfaceOrientationPortrait UIInterfaceOrientationLandscapeLeft UIInterfaceOrientationLandscapeRight";
				LD_RUNPATH_SEARCH_PATHS = (
					"$(inherited)",
					"@executable_path/Frameworks",
				);
				MARKETING_VERSION = 1.0;
				PRODUCT_BUNDLE_IDENTIFIER = "Maker.Rick-Morty";
				PRODUCT_NAME = "$(TARGET_NAME)";
				SWIFT_EMIT_LOC_STRINGS = YES;
				SWIFT_VERSION = 5.0;
				TARGETED_DEVICE_FAMILY = 1;
			};
			name = Debug;
		};
		8502574C278FE01B00FCF96F /* Release */ = {
			isa = XCBuildConfiguration;
			buildSettings = {
				ASSETCATALOG_COMPILER_APPICON_NAME = AppIcon;
				ASSETCATALOG_COMPILER_GLOBAL_ACCENT_COLOR_NAME = AccentColor;
				CODE_SIGN_STYLE = Automatic;
				CURRENT_PROJECT_VERSION = 1;
				DEVELOPMENT_TEAM = T94XUBZ99A;
				GENERATE_INFOPLIST_FILE = YES;
				INFOPLIST_FILE = "Rick&Morty/SupportingFiles/Info.plist";
				INFOPLIST_KEY_UIApplicationSupportsIndirectInputEvents = YES;
				INFOPLIST_KEY_UILaunchStoryboardName = LaunchScreen;
				INFOPLIST_KEY_UIMainStoryboardFile = Main;
				INFOPLIST_KEY_UISupportedInterfaceOrientations_iPad = "UIInterfaceOrientationPortrait UIInterfaceOrientationPortraitUpsideDown UIInterfaceOrientationLandscapeLeft UIInterfaceOrientationLandscapeRight";
				INFOPLIST_KEY_UISupportedInterfaceOrientations_iPhone = "UIInterfaceOrientationPortrait UIInterfaceOrientationLandscapeLeft UIInterfaceOrientationLandscapeRight";
				LD_RUNPATH_SEARCH_PATHS = (
					"$(inherited)",
					"@executable_path/Frameworks",
				);
				MARKETING_VERSION = 1.0;
				PRODUCT_BUNDLE_IDENTIFIER = "Maker.Rick-Morty";
				PRODUCT_NAME = "$(TARGET_NAME)";
				SWIFT_EMIT_LOC_STRINGS = YES;
				SWIFT_VERSION = 5.0;
				TARGETED_DEVICE_FAMILY = 1;
			};
			name = Release;
		};
/* End XCBuildConfiguration section */

/* Begin XCConfigurationList section */
		85025731278FE01800FCF96F /* Build configuration list for PBXProject "Rick&Morty" */ = {
			isa = XCConfigurationList;
			buildConfigurations = (
				85025748278FE01B00FCF96F /* Debug */,
				85025749278FE01B00FCF96F /* Release */,
			);
			defaultConfigurationIsVisible = 0;
			defaultConfigurationName = Release;
		};
		8502574A278FE01B00FCF96F /* Build configuration list for PBXNativeTarget "Rick&Morty" */ = {
			isa = XCConfigurationList;
			buildConfigurations = (
				8502574B278FE01B00FCF96F /* Debug */,
				8502574C278FE01B00FCF96F /* Release */,
			);
			defaultConfigurationIsVisible = 0;
			defaultConfigurationName = Release;
		};
/* End XCConfigurationList section */
	};
	rootObject = 8502572E278FE01800FCF96F /* Project object */;
}
